
Microsoft Visual Studio Solution File, Format Version 12.00
# Visual Studio Version 16
VisualStudioVersion = 16.0.29411.108
MinimumVisualStudioVersion = 10.0.40219.1
Project("{FAE04EC0-301F-11D3-BF4B-00C04F79EFBC}") = "CamlDesigner.Common", "CamlDesigner.Common\CamlDesigner.Common.csproj", "{A3BD2373-6136-4C20-8E95-87B77307DB27}"
EndProject
Project("{FAE04EC0-301F-11D3-BF4B-00C04F79EFBC}") = "CamlDesigner.DataAcccess.SPO", "CamlDesigner.DataAcccess.SPO\CamlDesigner.DataAcccess.SPO.csproj", "{FFE3C472-E1E9-4199-BFF5-A0247AB0821E}"
EndProject
Project("{FAE04EC0-301F-11D3-BF4B-00C04F79EFBC}") = "CamlDesigner.BusinessObjects", "CamlDesigner.BusinessObjects\CamlDesigner.BusinessObjects.csproj", "{157009F1-98B6-4294-B5D4-48C54EB415B4}"
EndProject
Project("{FAE04EC0-301F-11D3-BF4B-00C04F79EFBC}") = "CamlDesigner.DataAccess.Powershell", "CamlDesigner.DataAccess.Powershell\CamlDesigner.DataAccess.Powershell.csproj", "{BBF5B1A1-6F68-4E65-8073-40F7544A4211}"
EndProject
Project("{FAE04EC0-301F-11D3-BF4B-00C04F79EFBC}") = "CamlDesigner2013", "CamlDesigner2013\CamlDesigner2013.csproj", "{357C8B37-B1E4-45A5-8C4F-1DEAA4593A1F}"
EndProject
Project("{FAE04EC0-301F-11D3-BF4B-00C04F79EFBC}") = "CamlDesigner.DataAccess.WebServices", "CamlDesigner.DataAccess.WebServices\CamlDesigner.DataAccess.WebServices.csproj", "{E82E2CA1-DEF0-4C7A-A7F1-FFA6D163DAC0}"
EndProject
Global
	GlobalSection(SolutionConfigurationPlatforms) = preSolution
		Debug|Any CPU = Debug|Any CPU
		Release|Any CPU = Release|Any CPU
	EndGlobalSection
	GlobalSection(ProjectConfigurationPlatforms) = postSolution
		{A3BD2373-6136-4C20-8E95-87B77307DB27}.Debug|Any CPU.ActiveCfg = Debug|Any CPU
		{A3BD2373-6136-4C20-8E95-87B77307DB27}.Debug|Any CPU.Build.0 = Debug|Any CPU
		{A3BD2373-6136-4C20-8E95-87B77307DB27}.Release|Any CPU.ActiveCfg = Release|Any CPU
		{A3BD2373-6136-4C20-8E95-87B77307DB27}.Release|Any CPU.Build.0 = Release|Any CPU
		{FFE3C472-E1E9-4199-BFF5-A0247AB0821E}.Debug|Any CPU.ActiveCfg = Debug|Any CPU
		{FFE3C472-E1E9-4199-BFF5-A0247AB0821E}.Debug|Any CPU.Build.0 = Debug|Any CPU
		{FFE3C472-E1E9-4199-BFF5-A0247AB0821E}.Release|Any CPU.ActiveCfg = Release|Any CPU
		{FFE3C472-E1E9-4199-BFF5-A0247AB0821E}.Release|Any CPU.Build.0 = Release|Any CPU
		{157009F1-98B6-4294-B5D4-48C54EB415B4}.Debug|Any CPU.ActiveCfg = Debug|Any CPU
		{157009F1-98B6-4294-B5D4-48C54EB415B4}.Debug|Any CPU.Build.0 = Debug|Any CPU
		{157009F1-98B6-4294-B5D4-48C54EB415B4}.Release|Any CPU.ActiveCfg = Release|Any CPU
		{157009F1-98B6-4294-B5D4-48C54EB415B4}.Release|Any CPU.Build.0 = Release|Any CPU
		{BBF5B1A1-6F68-4E65-8073-40F7544A4211}.Debug|Any CPU.ActiveCfg = Debug|Any CPU
		{BBF5B1A1-6F68-4E65-8073-40F7544A4211}.Debug|Any CPU.Build.0 = Debug|Any CPU
		{BBF5B1A1-6F68-4E65-8073-40F7544A4211}.Release|Any CPU.ActiveCfg = Release|Any CPU
		{BBF5B1A1-6F68-4E65-8073-40F7544A4211}.Release|Any CPU.Build.0 = Release|Any CPU
		{357C8B37-B1E4-45A5-8C4F-1DEAA4593A1F}.Debug|Any CPU.ActiveCfg = Debug|Any CPU
		{357C8B37-B1E4-45A5-8C4F-1DEAA4593A1F}.Debug|Any CPU.Build.0 = Debug|Any CPU
		{357C8B37-B1E4-45A5-8C4F-1DEAA4593A1F}.Release|Any CPU.ActiveCfg = Release|Any CPU
		{357C8B37-B1E4-45A5-8C4F-1DEAA4593A1F}.Release|Any CPU.Build.0 = Release|Any CPU
		{E82E2CA1-DEF0-4C7A-A7F1-FFA6D163DAC0}.Debug|Any CPU.ActiveCfg = Debug|Any CPU
		{E82E2CA1-DEF0-4C7A-A7F1-FFA6D163DAC0}.Debug|Any CPU.Build.0 = Debug|Any CPU
		{E82E2CA1-DEF0-4C7A-A7F1-FFA6D163DAC0}.Release|Any CPU.ActiveCfg = Release|Any CPU
		{E82E2CA1-DEF0-4C7A-A7F1-FFA6D163DAC0}.Release|Any CPU.Build.0 = Release|Any CPU
	EndGlobalSection
	GlobalSection(SolutionProperties) = preSolution
		HideSolutionNode = FALSE
	EndGlobalSection
	GlobalSection(ExtensibilityGlobals) = postSolution
		SolutionGuid = {DF5743DE-E7F6-435D-B024-02492DD1948F}
	EndGlobalSection
EndGlobal
